
Microsoft Visual Studio Solution File, Format Version 12.00
# Visual Studio 14
VisualStudioVersion = 14.0.25420.1
MinimumVisualStudioVersion = 10.0.40219.1
Project("{FAE04EC0-301F-11D3-BF4B-00C04F79EFBC}") = "SampleWebApiXamarin.Droid", "SampleWebApiXamarin\SampleWebApiXamarin.Droid\SampleWebApiXamarin.Droid.csproj", "{4486945D-5DC8-4EB5-84D8-D3835CEFC180}"
EndProject
Project("{FAE04EC0-301F-11D3-BF4B-00C04F79EFBC}") = "SampleWebApiXamarin.iOS", "SampleWebApiXamarin\SampleWebApiXamarin.iOS\SampleWebApiXamarin.iOS.csproj", "{B21EC7F3-741D-4755-B855-6F978913A407}"
EndProject
Project("{FAE04EC0-301F-11D3-BF4B-00C04F79EFBC}") = "SampleWebApiXamarin.UWP", "SampleWebApiXamarin\SampleWebApiXamarin.UWP\SampleWebApiXamarin.UWP.csproj", "{834D8FF8-E856-440F-9680-3D64C5D3EEEA}"
EndProject
Project("{FAE04EC0-301F-11D3-BF4B-00C04F79EFBC}") = "SampleWebApiXamarin", "SampleWebApiXamarin\SampleWebApiXamarin\SampleWebApiXamarin.csproj", "{F8EA5B2C-4D48-4F3A-A00E-83A030DC82C0}"
EndProject
Global
	GlobalSection(SolutionConfigurationPlatforms) = preSolution
		Ad-Hoc|Any CPU = Ad-Hoc|Any CPU
		Ad-Hoc|ARM = Ad-Hoc|ARM
		Ad-Hoc|iPhone = Ad-Hoc|iPhone
		Ad-Hoc|iPhoneSimulator = Ad-Hoc|iPhoneSimulator
		Ad-Hoc|x64 = Ad-Hoc|x64
		Ad-Hoc|x86 = Ad-Hoc|x86
		AppStore|Any CPU = AppStore|Any CPU
		AppStore|ARM = AppStore|ARM
		AppStore|iPhone = AppStore|iPhone
		AppStore|iPhoneSimulator = AppStore|iPhoneSimulator
		AppStore|x64 = AppStore|x64
		AppStore|x86 = AppStore|x86
		Debug|Any CPU = Debug|Any CPU
		Debug|ARM = Debug|ARM
		Debug|iPhone = Debug|iPhone
		Debug|iPhoneSimulator = Debug|iPhoneSimulator
		Debug|x64 = Debug|x64
		Debug|x86 = Debug|x86
		Release|Any CPU = Release|Any CPU
		Release|ARM = Release|ARM
		Release|iPhone = Release|iPhone
		Release|iPhoneSimulator = Release|iPhoneSimulator
		Release|x64 = Release|x64
		Release|x86 = Release|x86
	EndGlobalSection
	GlobalSection(ProjectConfigurationPlatforms) = postSolution
		{4486945D-5DC8-4EB5-84D8-D3835CEFC180}.Ad-Hoc|Any CPU.ActiveCfg = Release|Any CPU
		{4486945D-5DC8-4EB5-84D8-D3835CEFC180}.Ad-Hoc|Any CPU.Build.0 = Release|Any CPU
		{4486945D-5DC8-4EB5-84D8-D3835CEFC180}.Ad-Hoc|Any CPU.Deploy.0 = Release|Any CPU
		{4486945D-5DC8-4EB5-84D8-D3835CEFC180}.Ad-Hoc|ARM.ActiveCfg = Release|Any CPU
		{4486945D-5DC8-4EB5-84D8-D3835CEFC180}.Ad-Hoc|ARM.Build.0 = Release|Any CPU
		{4486945D-5DC8-4EB5-84D8-D3835CEFC180}.Ad-Hoc|ARM.Deploy.0 = Release|Any CPU
		{4486945D-5DC8-4EB5-84D8-D3835CEFC180}.Ad-Hoc|iPhone.ActiveCfg = Release|Any CPU
		{4486945D-5DC8-4EB5-84D8-D3835CEFC180}.Ad-Hoc|iPhone.Build.0 = Release|Any CPU
		{4486945D-5DC8-4EB5-84D8-D3835CEFC180}.Ad-Hoc|iPhone.Deploy.0 = Release|Any CPU
		{4486945D-5DC8-4EB5-84D8-D3835CEFC180}.Ad-Hoc|iPhoneSimulator.ActiveCfg = Release|Any CPU
		{4486945D-5DC8-4EB5-84D8-D3835CEFC180}.Ad-Hoc|iPhoneSimulator.Build.0 = Release|Any CPU
		{4486945D-5DC8-4EB5-84D8-D3835CEFC180}.Ad-Hoc|iPhoneSimulator.Deploy.0 = Release|Any CPU
		{4486945D-5DC8-4EB5-84D8-D3835CEFC180}.Ad-Hoc|x64.ActiveCfg = Release|Any CPU
		{4486945D-5DC8-4EB5-84D8-D3835CEFC180}.Ad-Hoc|x64.Build.0 = Release|Any CPU
		{4486945D-5DC8-4EB5-84D8-D3835CEFC180}.Ad-Hoc|x64.Deploy.0 = Release|Any CPU
		{4486945D-5DC8-4EB5-84D8-D3835CEFC180}.Ad-Hoc|x86.ActiveCfg = Release|Any CPU
		{4486945D-5DC8-4EB5-84D8-D3835CEFC180}.Ad-Hoc|x86.Build.0 = Release|Any CPU
		{4486945D-5DC8-4EB5-84D8-D3835CEFC180}.Ad-Hoc|x86.Deploy.0 = Release|Any CPU
		{4486945D-5DC8-4EB5-84D8-D3835CEFC180}.AppStore|Any CPU.ActiveCfg = Release|Any CPU
		{4486945D-5DC8-4EB5-84D8-D3835CEFC180}.AppStore|Any CPU.Build.0 = Release|Any CPU
		{4486945D-5DC8-4EB5-84D8-D3835CEFC180}.AppStore|Any CPU.Deploy.0 = Release|Any CPU
		{4486945D-5DC8-4EB5-84D8-D3835CEFC180}.AppStore|ARM.ActiveCfg = Release|Any CPU
		{4486945D-5DC8-4EB5-84D8-D3835CEFC180}.AppStore|ARM.Build.0 = Release|Any CPU
		{4486945D-5DC8-4EB5-84D8-D3835CEFC180}.AppStore|ARM.Deploy.0 = Release|Any CPU
		{4486945D-5DC8-4EB5-84D8-D3835CEFC180}.AppStore|iPhone.ActiveCfg = Release|Any CPU
		{4486945D-5DC8-4EB5-84D8-D3835CEFC180}.AppStore|iPhone.Build.0 = Release|Any CPU
		{4486945D-5DC8-4EB5-84D8-D3835CEFC180}.AppStore|iPhone.Deploy.0 = Release|Any CPU
		{4486945D-5DC8-4EB5-84D8-D3835CEFC180}.AppStore|iPhoneSimulator.ActiveCfg = Release|Any CPU
		{4486945D-5DC8-4EB5-84D8-D3835CEFC180}.AppStore|iPhoneSimulator.Build.0 = Release|Any CPU
		{4486945D-5DC8-4EB5-84D8-D3835CEFC180}.AppStore|iPhoneSimulator.Deploy.0 = Release|Any CPU
		{4486945D-5DC8-4EB5-84D8-D3835CEFC180}.AppStore|x64.ActiveCfg = Release|Any CPU
		{4486945D-5DC8-4EB5-84D8-D3835CEFC180}.AppStore|x64.Build.0 = Release|Any CPU
		{4486945D-5DC8-4EB5-84D8-D3835CEFC180}.AppStore|x64.Deploy.0 = Release|Any CPU
		{4486945D-5DC8-4EB5-84D8-D3835CEFC180}.AppStore|x86.ActiveCfg = Release|Any CPU
		{4486945D-5DC8-4EB5-84D8-D3835CEFC180}.AppStore|x86.Build.0 = Release|Any CPU
		{4486945D-5DC8-4EB5-84D8-D3835CEFC180}.AppStore|x86.Deploy.0 = Release|Any CPU
		{4486945D-5DC8-4EB5-84D8-D3835CEFC180}.Debug|Any CPU.ActiveCfg = Debug|Any CPU
		{4486945D-5DC8-4EB5-84D8-D3835CEFC180}.Debug|Any CPU.Build.0 = Debug|Any CPU
		{4486945D-5DC8-4EB5-84D8-D3835CEFC180}.Debug|Any CPU.Deploy.0 = Debug|Any CPU
		{4486945D-5DC8-4EB5-84D8-D3835CEFC180}.Debug|ARM.ActiveCfg = Debug|Any CPU
		{4486945D-5DC8-4EB5-84D8-D3835CEFC180}.Debug|ARM.Build.0 = Debug|Any CPU
		{4486945D-5DC8-4EB5-84D8-D3835CEFC180}.Debug|ARM.Deploy.0 = Debug|Any CPU
		{4486945D-5DC8-4EB5-84D8-D3835CEFC180}.Debug|iPhone.ActiveCfg = Debug|Any CPU
		{4486945D-5DC8-4EB5-84D8-D3835CEFC180}.Debug|iPhone.Build.0 = Debug|Any CPU
		{4486945D-5DC8-4EB5-84D8-D3835CEFC180}.Debug|iPhone.Deploy.0 = Debug|Any CPU
		{4486945D-5DC8-4EB5-84D8-D3835CEFC180}.Debug|iPhoneSimulator.ActiveCfg = Debug|Any CPU
		{4486945D-5DC8-4EB5-84D8-D3835CEFC180}.Debug|iPhoneSimulator.Build.0 = Debug|Any CPU
		{4486945D-5DC8-4EB5-84D8-D3835CEFC180}.Debug|iPhoneSimulator.Deploy.0 = Debug|Any CPU
		{4486945D-5DC8-4EB5-84D8-D3835CEFC180}.Debug|x64.ActiveCfg = Debug|Any CPU
		{4486945D-5DC8-4EB5-84D8-D3835CEFC180}.Debug|x64.Build.0 = Debug|Any CPU
		{4486945D-5DC8-4EB5-84D8-D3835CEFC180}.Debug|x64.Deploy.0 = Debug|Any CPU
		{4486945D-5DC8-4EB5-84D8-D3835CEFC180}.Debug|x86.ActiveCfg = Debug|Any CPU
		{4486945D-5DC8-4EB5-84D8-D3835CEFC180}.Debug|x86.Build.0 = Debug|Any CPU
		{4486945D-5DC8-4EB5-84D8-D3835CEFC180}.Debug|x86.Deploy.0 = Debug|Any CPU
		{4486945D-5DC8-4EB5-84D8-D3835CEFC180}.Release|Any CPU.ActiveCfg = Release|Any CPU
		{4486945D-5DC8-4EB5-84D8-D3835CEFC180}.Release|Any CPU.Build.0 = Release|Any CPU
		{4486945D-5DC8-4EB5-84D8-D3835CEFC180}.Release|Any CPU.Deploy.0 = Release|Any CPU
		{4486945D-5DC8-4EB5-84D8-D3835CEFC180}.Release|ARM.ActiveCfg = Release|Any CPU
		{4486945D-5DC8-4EB5-84D8-D3835CEFC180}.Release|ARM.Build.0 = Release|Any CPU
		{4486945D-5DC8-4EB5-84D8-D3835CEFC180}.Release|ARM.Deploy.0 = Release|Any CPU
		{4486945D-5DC8-4EB5-84D8-D3835CEFC180}.Release|iPhone.ActiveCfg = Release|Any CPU
		{4486945D-5DC8-4EB5-84D8-D3835CEFC180}.Release|iPhone.Build.0 = Release|Any CPU
		{4486945D-5DC8-4EB5-84D8-D3835CEFC180}.Release|iPhone.Deploy.0 = Release|Any CPU
		{4486945D-5DC8-4EB5-84D8-D3835CEFC180}.Release|iPhoneSimulator.ActiveCfg = Release|Any CPU
		{4486945D-5DC8-4EB5-84D8-D3835CEFC180}.Release|iPhoneSimulator.Build.0 = Release|Any CPU
		{4486945D-5DC8-4EB5-84D8-D3835CEFC180}.Release|iPhoneSimulator.Deploy.0 = Release|Any CPU
		{4486945D-5DC8-4EB5-84D8-D3835CEFC180}.Release|x64.ActiveCfg = Release|Any CPU
		{4486945D-5DC8-4EB5-84D8-D3835CEFC180}.Release|x64.Build.0 = Release|Any CPU
		{4486945D-5DC8-4EB5-84D8-D3835CEFC180}.Release|x64.Deploy.0 = Release|Any CPU
		{4486945D-5DC8-4EB5-84D8-D3835CEFC180}.Release|x86.ActiveCfg = Release|Any CPU
		{4486945D-5DC8-4EB5-84D8-D3835CEFC180}.Release|x86.Build.0 = Release|Any CPU
		{4486945D-5DC8-4EB5-84D8-D3835CEFC180}.Release|x86.Deploy.0 = Release|Any CPU
		{B21EC7F3-741D-4755-B855-6F978913A407}.Ad-Hoc|Any CPU.ActiveCfg = Ad-Hoc|iPhone
		{B21EC7F3-741D-4755-B855-6F978913A407}.Ad-Hoc|ARM.ActiveCfg = Ad-Hoc|iPhone
		{B21EC7F3-741D-4755-B855-6F978913A407}.Ad-Hoc|iPhone.ActiveCfg = Ad-Hoc|iPhone
		{B21EC7F3-741D-4755-B855-6F978913A407}.Ad-Hoc|iPhone.Build.0 = Ad-Hoc|iPhone
		{B21EC7F3-741D-4755-B855-6F978913A407}.Ad-Hoc|iPhoneSimulator.ActiveCfg = Ad-Hoc|iPhoneSimulator
		{B21EC7F3-741D-4755-B855-6F978913A407}.Ad-Hoc|iPhoneSimulator.Build.0 = Ad-Hoc|iPhoneSimulator
		{B21EC7F3-741D-4755-B855-6F978913A407}.Ad-Hoc|x64.ActiveCfg = Ad-Hoc|iPhone
		{B21EC7F3-741D-4755-B855-6F978913A407}.Ad-Hoc|x86.ActiveCfg = Ad-Hoc|iPhone
		{B21EC7F3-741D-4755-B855-6F978913A407}.AppStore|Any CPU.ActiveCfg = AppStore|iPhone
		{B21EC7F3-741D-4755-B855-6F978913A407}.AppStore|ARM.ActiveCfg = AppStore|iPhone
		{B21EC7F3-741D-4755-B855-6F978913A407}.AppStore|iPhone.ActiveCfg = AppStore|iPhone
		{B21EC7F3-741D-4755-B855-6F978913A407}.AppStore|iPhone.Build.0 = AppStore|iPhone
		{B21EC7F3-741D-4755-B855-6F978913A407}.AppStore|iPhoneSimulator.ActiveCfg = AppStore|iPhoneSimulator
		{B21EC7F3-741D-4755-B855-6F978913A407}.AppStore|iPhoneSimulator.Build.0 = AppStore|iPhoneSimulator
		{B21EC7F3-741D-4755-B855-6F978913A407}.AppStore|x64.ActiveCfg = AppStore|iPhone
		{B21EC7F3-741D-4755-B855-6F978913A407}.AppStore|x86.ActiveCfg = AppStore|iPhone
		{B21EC7F3-741D-4755-B855-6F978913A407}.Debug|Any CPU.ActiveCfg = Debug|iPhone
		{B21EC7F3-741D-4755-B855-6F978913A407}.Debug|ARM.ActiveCfg = Debug|iPhone
		{B21EC7F3-741D-4755-B855-6F978913A407}.Debug|iPhone.ActiveCfg = Debug|iPhone
		{B21EC7F3-741D-4755-B855-6F978913A407}.Debug|iPhone.Build.0 = Debug|iPhone
		{B21EC7F3-741D-4755-B855-6F978913A407}.Debug|iPhoneSimulator.ActiveCfg = Debug|iPhoneSimulator
		{B21EC7F3-741D-4755-B855-6F978913A407}.Debug|iPhoneSimulator.Build.0 = Debug|iPhoneSimulator
		{B21EC7F3-741D-4755-B855-6F978913A407}.Debug|x64.ActiveCfg = Debug|iPhone
		{B21EC7F3-741D-4755-B855-6F978913A407}.Debug|x86.ActiveCfg = Debug|iPhone
		{B21EC7F3-741D-4755-B855-6F978913A407}.Release|Any CPU.ActiveCfg = Release|iPhone
		{B21EC7F3-741D-4755-B855-6F978913A407}.Release|ARM.ActiveCfg = Release|iPhone
		{B21EC7F3-741D-4755-B855-6F978913A407}.Release|iPhone.ActiveCfg = Release|iPhone
		{B21EC7F3-741D-4755-B855-6F978913A407}.Release|iPhone.Build.0 = Release|iPhone
		{B21EC7F3-741D-4755-B855-6F978913A407}.Release|iPhoneSimulator.ActiveCfg = Release|iPhoneSimulator
		{B21EC7F3-741D-4755-B855-6F978913A407}.Release|iPhoneSimulator.Build.0 = Release|iPhoneSimulator
		{B21EC7F3-741D-4755-B855-6F978913A407}.Release|x64.ActiveCfg = Release|iPhone
		{B21EC7F3-741D-4755-B855-6F978913A407}.Release|x86.ActiveCfg = Release|iPhone
		{834D8FF8-E856-440F-9680-3D64C5D3EEEA}.Ad-Hoc|Any CPU.ActiveCfg = Release|x86
		{834D8FF8-E856-440F-9680-3D64C5D3EEEA}.Ad-Hoc|Any CPU.Build.0 = Release|x86
		{834D8FF8-E856-440F-9680-3D64C5D3EEEA}.Ad-Hoc|Any CPU.Deploy.0 = Release|x86
		{834D8FF8-E856-440F-9680-3D64C5D3EEEA}.Ad-Hoc|ARM.ActiveCfg = Release|ARM
		{834D8FF8-E856-440F-9680-3D64C5D3EEEA}.Ad-Hoc|ARM.Build.0 = Release|ARM
		{834D8FF8-E856-440F-9680-3D64C5D3EEEA}.Ad-Hoc|ARM.Deploy.0 = Release|ARM
		{834D8FF8-E856-440F-9680-3D64C5D3EEEA}.Ad-Hoc|iPhone.ActiveCfg = Release|x86
		{834D8FF8-E856-440F-9680-3D64C5D3EEEA}.Ad-Hoc|iPhone.Build.0 = Release|x86
		{834D8FF8-E856-440F-9680-3D64C5D3EEEA}.Ad-Hoc|iPhone.Deploy.0 = Release|x86
		{834D8FF8-E856-440F-9680-3D64C5D3EEEA}.Ad-Hoc|iPhoneSimulator.ActiveCfg = Release|x86
		{834D8FF8-E856-440F-9680-3D64C5D3EEEA}.Ad-Hoc|iPhoneSimulator.Build.0 = Release|x86
		{834D8FF8-E856-440F-9680-3D64C5D3EEEA}.Ad-Hoc|iPhoneSimulator.Deploy.0 = Release|x86
		{834D8FF8-E856-440F-9680-3D64C5D3EEEA}.Ad-Hoc|x64.ActiveCfg = Release|x64
		{834D8FF8-E856-440F-9680-3D64C5D3EEEA}.Ad-Hoc|x64.Build.0 = Release|x64
		{834D8FF8-E856-440F-9680-3D64C5D3EEEA}.Ad-Hoc|x64.Deploy.0 = Release|x64
		{834D8FF8-E856-440F-9680-3D64C5D3EEEA}.Ad-Hoc|x86.ActiveCfg = Release|x86
		{834D8FF8-E856-440F-9680-3D64C5D3EEEA}.Ad-Hoc|x86.Build.0 = Release|x86
		{834D8FF8-E856-440F-9680-3D64C5D3EEEA}.Ad-Hoc|x86.Deploy.0 = Release|x86
		{834D8FF8-E856-440F-9680-3D64C5D3EEEA}.AppStore|Any CPU.ActiveCfg = Release|x86
		{834D8FF8-E856-440F-9680-3D64C5D3EEEA}.AppStore|Any CPU.Build.0 = Release|x86
		{834D8FF8-E856-440F-9680-3D64C5D3EEEA}.AppStore|Any CPU.Deploy.0 = Release|x86
		{834D8FF8-E856-440F-9680-3D64C5D3EEEA}.AppStore|ARM.ActiveCfg = Release|ARM
		{834D8FF8-E856-440F-9680-3D64C5D3EEEA}.AppStore|ARM.Build.0 = Release|ARM
		{834D8FF8-E856-440F-9680-3D64C5D3EEEA}.AppStore|ARM.Deploy.0 = Release|ARM
		{834D8FF8-E856-440F-9680-3D64C5D3EEEA}.AppStore|iPhone.ActiveCfg = Release|x86
		{834D8FF8-E856-440F-9680-3D64C5D3EEEA}.AppStore|iPhone.Build.0 = Release|x86
		{834D8FF8-E856-440F-9680-3D64C5D3EEEA}.AppStore|iPhone.Deploy.0 = Release|x86
		{834D8FF8-E856-440F-9680-3D64C5D3EEEA}.AppStore|iPhoneSimulator.ActiveCfg = Release|x86
		{834D8FF8-E856-440F-9680-3D64C5D3EEEA}.AppStore|iPhoneSimulator.Build.0 = Release|x86
		{834D8FF8-E856-440F-9680-3D64C5D3EEEA}.AppStore|iPhoneSimulator.Deploy.0 = Release|x86
		{834D8FF8-E856-440F-9680-3D64C5D3EEEA}.AppStore|x64.ActiveCfg = Release|x64
		{834D8FF8-E856-440F-9680-3D64C5D3EEEA}.AppStore|x64.Build.0 = Release|x64
		{834D8FF8-E856-440F-9680-3D64C5D3EEEA}.AppStore|x64.Deploy.0 = Release|x64
		{834D8FF8-E856-440F-9680-3D64C5D3EEEA}.AppStore|x86.ActiveCfg = Release|x86
		{834D8FF8-E856-440F-9680-3D64C5D3EEEA}.AppStore|x86.Build.0 = Release|x86
		{834D8FF8-E856-440F-9680-3D64C5D3EEEA}.AppStore|x86.Deploy.0 = Release|x86
		{834D8FF8-E856-440F-9680-3D64C5D3EEEA}.Debug|Any CPU.ActiveCfg = Debug|x86
		{834D8FF8-E856-440F-9680-3D64C5D3EEEA}.Debug|Any CPU.Build.0 = Debug|x86
		{834D8FF8-E856-440F-9680-3D64C5D3EEEA}.Debug|Any CPU.Deploy.0 = Debug|x86
		{834D8FF8-E856-440F-9680-3D64C5D3EEEA}.Debug|ARM.ActiveCfg = Debug|ARM
		{834D8FF8-E856-440F-9680-3D64C5D3EEEA}.Debug|ARM.Build.0 = Debug|ARM
		{834D8FF8-E856-440F-9680-3D64C5D3EEEA}.Debug|ARM.Deploy.0 = Debug|ARM
		{834D8FF8-E856-440F-9680-3D64C5D3EEEA}.Debug|iPhone.ActiveCfg = Debug|x86
		{834D8FF8-E856-440F-9680-3D64C5D3EEEA}.Debug|iPhoneSimulator.ActiveCfg = Debug|x86
		{834D8FF8-E856-440F-9680-3D64C5D3EEEA}.Debug|iPhoneSimulator.Build.0 = Debug|x86
		{834D8FF8-E856-440F-9680-3D64C5D3EEEA}.Debug|iPhoneSimulator.Deploy.0 = Debug|x86
		{834D8FF8-E856-440F-9680-3D64C5D3EEEA}.Debug|x64.ActiveCfg = Debug|x64
		{834D8FF8-E856-440F-9680-3D64C5D3EEEA}.Debug|x64.Build.0 = Debug|x64
		{834D8FF8-E856-440F-9680-3D64C5D3EEEA}.Debug|x64.Deploy.0 = Debug|x64
		{834D8FF8-E856-440F-9680-3D64C5D3EEEA}.Debug|x86.ActiveCfg = Debug|x86
		{834D8FF8-E856-440F-9680-3D64C5D3EEEA}.Debug|x86.Build.0 = Debug|x86
		{834D8FF8-E856-440F-9680-3D64C5D3EEEA}.Debug|x86.Deploy.0 = Debug|x86
		{834D8FF8-E856-440F-9680-3D64C5D3EEEA}.Release|Any CPU.ActiveCfg = Release|x86
		{834D8FF8-E856-440F-9680-3D64C5D3EEEA}.Release|ARM.ActiveCfg = Release|ARM
		{834D8FF8-E856-440F-9680-3D64C5D3EEEA}.Release|ARM.Build.0 = Release|ARM
		{834D8FF8-E856-440F-9680-3D64C5D3EEEA}.Release|ARM.Deploy.0 = Release|ARM
		{834D8FF8-E856-440F-9680-3D64C5D3EEEA}.Release|iPhone.ActiveCfg = Release|x86
		{834D8FF8-E856-440F-9680-3D64C5D3EEEA}.Release|iPhoneSimulator.ActiveCfg = Release|x86
		{834D8FF8-E856-440F-9680-3D64C5D3EEEA}.Release|x64.ActiveCfg = Release|x64
		{834D8FF8-E856-440F-9680-3D64C5D3EEEA}.Release|x64.Build.0 = Release|x64
		{834D8FF8-E856-440F-9680-3D64C5D3EEEA}.Release|x64.Deploy.0 = Release|x64
		{834D8FF8-E856-440F-9680-3D64C5D3EEEA}.Release|x86.ActiveCfg = Release|x86
		{834D8FF8-E856-440F-9680-3D64C5D3EEEA}.Release|x86.Build.0 = Release|x86
		{834D8FF8-E856-440F-9680-3D64C5D3EEEA}.Release|x86.Deploy.0 = Release|x86
		{F8EA5B2C-4D48-4F3A-A00E-83A030DC82C0}.Ad-Hoc|Any CPU.ActiveCfg = Release|Any CPU
		{F8EA5B2C-4D48-4F3A-A00E-83A030DC82C0}.Ad-Hoc|Any CPU.Build.0 = Release|Any CPU
		{F8EA5B2C-4D48-4F3A-A00E-83A030DC82C0}.Ad-Hoc|ARM.ActiveCfg = Release|Any CPU
		{F8EA5B2C-4D48-4F3A-A00E-83A030DC82C0}.Ad-Hoc|ARM.Build.0 = Release|Any CPU
		{F8EA5B2C-4D48-4F3A-A00E-83A030DC82C0}.Ad-Hoc|iPhone.ActiveCfg = Release|Any CPU
		{F8EA5B2C-4D48-4F3A-A00E-83A030DC82C0}.Ad-Hoc|iPhone.Build.0 = Release|Any CPU
		{F8EA5B2C-4D48-4F3A-A00E-83A030DC82C0}.Ad-Hoc|iPhoneSimulator.ActiveCfg = Release|Any CPU
		{F8EA5B2C-4D48-4F3A-A00E-83A030DC82C0}.Ad-Hoc|iPhoneSimulator.Build.0 = Release|Any CPU
		{F8EA5B2C-4D48-4F3A-A00E-83A030DC82C0}.Ad-Hoc|x64.ActiveCfg = Release|Any CPU
		{F8EA5B2C-4D48-4F3A-A00E-83A030DC82C0}.Ad-Hoc|x64.Build.0 = Release|Any CPU
		{F8EA5B2C-4D48-4F3A-A00E-83A030DC82C0}.Ad-Hoc|x86.ActiveCfg = Release|Any CPU
		{F8EA5B2C-4D48-4F3A-A00E-83A030DC82C0}.Ad-Hoc|x86.Build.0 = Release|Any CPU
		{F8EA5B2C-4D48-4F3A-A00E-83A030DC82C0}.AppStore|Any CPU.ActiveCfg = Release|Any CPU
		{F8EA5B2C-4D48-4F3A-A00E-83A030DC82C0}.AppStore|Any CPU.Build.0 = Release|Any CPU
		{F8EA5B2C-4D48-4F3A-A00E-83A030DC82C0}.AppStore|ARM.ActiveCfg = Release|Any CPU
		{F8EA5B2C-4D48-4F3A-A00E-83A030DC82C0}.AppStore|ARM.Build.0 = Release|Any CPU
		{F8EA5B2C-4D48-4F3A-A00E-83A030DC82C0}.AppStore|iPhone.ActiveCfg = Release|Any CPU
		{F8EA5B2C-4D48-4F3A-A00E-83A030DC82C0}.AppStore|iPhone.Build.0 = Release|Any CPU
		{F8EA5B2C-4D48-4F3A-A00E-83A030DC82C0}.AppStore|iPhoneSimulator.ActiveCfg = Release|Any CPU
		{F8EA5B2C-4D48-4F3A-A00E-83A030DC82C0}.AppStore|iPhoneSimulator.Build.0 = Release|Any CPU
		{F8EA5B2C-4D48-4F3A-A00E-83A030DC82C0}.AppStore|x64.ActiveCfg = Release|Any CPU
		{F8EA5B2C-4D48-4F3A-A00E-83A030DC82C0}.AppStore|x64.Build.0 = Release|Any CPU
		{F8EA5B2C-4D48-4F3A-A00E-83A030DC82C0}.AppStore|x86.ActiveCfg = Release|Any CPU
		{F8EA5B2C-4D48-4F3A-A00E-83A030DC82C0}.AppStore|x86.Build.0 = Release|Any CPU
		{F8EA5B2C-4D48-4F3A-A00E-83A030DC82C0}.Debug|Any CPU.ActiveCfg = Debug|Any CPU
		{F8EA5B2C-4D48-4F3A-A00E-83A030DC82C0}.Debug|Any CPU.Build.0 = Debug|Any CPU
		{F8EA5B2C-4D48-4F3A-A00E-83A030DC82C0}.Debug|ARM.ActiveCfg = Debug|Any CPU
		{F8EA5B2C-4D48-4F3A-A00E-83A030DC82C0}.Debug|ARM.Build.0 = Debug|Any CPU
		{F8EA5B2C-4D48-4F3A-A00E-83A030DC82C0}.Debug|iPhone.ActiveCfg = Debug|Any CPU
		{F8EA5B2C-4D48-4F3A-A00E-83A030DC82C0}.Debug|iPhone.Build.0 = Debug|Any CPU
		{F8EA5B2C-4D48-4F3A-A00E-83A030DC82C0}.Debug|iPhoneSimulator.ActiveCfg = Debug|Any CPU
		{F8EA5B2C-4D48-4F3A-A00E-83A030DC82C0}.Debug|iPhoneSimulator.Build.0 = Debug|Any CPU
		{F8EA5B2C-4D48-4F3A-A00E-83A030DC82C0}.Debug|x64.ActiveCfg = Debug|Any CPU
		{F8EA5B2C-4D48-4F3A-A00E-83A030DC82C0}.Debug|x64.Build.0 = Debug|Any CPU
		{F8EA5B2C-4D48-4F3A-A00E-83A030DC82C0}.Debug|x86.ActiveCfg = Debug|Any CPU
		{F8EA5B2C-4D48-4F3A-A00E-83A030DC82C0}.Debug|x86.Build.0 = Debug|Any CPU
		{F8EA5B2C-4D48-4F3A-A00E-83A030DC82C0}.Release|Any CPU.ActiveCfg = Release|Any CPU
		{F8EA5B2C-4D48-4F3A-A00E-83A030DC82C0}.Release|Any CPU.Build.0 = Release|Any CPU
		{F8EA5B2C-4D48-4F3A-A00E-83A030DC82C0}.Release|ARM.ActiveCfg = Release|Any CPU
		{F8EA5B2C-4D48-4F3A-A00E-83A030DC82C0}.Release|ARM.Build.0 = Release|Any CPU
		{F8EA5B2C-4D48-4F3A-A00E-83A030DC82C0}.Release|iPhone.ActiveCfg = Release|Any CPU
		{F8EA5B2C-4D48-4F3A-A00E-83A030DC82C0}.Release|iPhone.Build.0 = Release|Any CPU
		{F8EA5B2C-4D48-4F3A-A00E-83A030DC82C0}.Release|iPhoneSimulator.ActiveCfg = Release|Any CPU
		{F8EA5B2C-4D48-4F3A-A00E-83A030DC82C0}.Release|iPhoneSimulator.Build.0 = Release|Any CPU
		{F8EA5B2C-4D48-4F3A-A00E-83A030DC82C0}.Release|x64.ActiveCfg = Release|Any CPU
		{F8EA5B2C-4D48-4F3A-A00E-83A030DC82C0}.Release|x64.Build.0 = Release|Any CPU
		{F8EA5B2C-4D48-4F3A-A00E-83A030DC82C0}.Release|x86.ActiveCfg = Release|Any CPU
		{F8EA5B2C-4D48-4F3A-A00E-83A030DC82C0}.Release|x86.Build.0 = Release|Any CPU
	EndGlobalSection
	GlobalSection(SolutionProperties) = preSolution
		HideSolutionNode = FALSE
	EndGlobalSection
EndGlobal
