
Microsoft Visual Studio Solution File, Format Version 12.00
# Visual Studio 14
VisualStudioVersion = 14.0.25420.1
MinimumVisualStudioVersion = 10.0.40219.1
Project("{2150E333-8FDC-42A3-9474-1A3956D46DE8}") = "src", "src", "{1BF6C32C-BFC8-43C3-A5D9-99C1D5EC784D}"
EndProject
Project("{2150E333-8FDC-42A3-9474-1A3956D46DE8}") = "Solution Items", "Solution Items", "{CC145129-09F5-4CF3-B0E3-075F6F1D9066}"
	ProjectSection(SolutionItems) = preProject
		global.json = global.json
	EndProjectSection
EndProject
Project("{8BB2217D-0F2D-49D1-97BC-3654ED321F3B}") = "TagHelperViewMvc", "src\TagHelperViewMvc\TagHelperViewMvc.xproj", "{01FF57C9-14BC-47DF-9EBC-7C44F9ACF920}"
EndProject
Global
	GlobalSection(SolutionConfigurationPlatforms) = preSolution
		Debug|Any CPU = Debug|Any CPU
		Release|Any CPU = Release|Any CPU
	EndGlobalSection
	GlobalSection(ProjectConfigurationPlatforms) = postSolution
		{01FF57C9-14BC-47DF-9EBC-7C44F9ACF920}.Debug|Any CPU.ActiveCfg = Debug|Any CPU
		{01FF57C9-14BC-47DF-9EBC-7C44F9ACF920}.Debug|Any CPU.Build.0 = Debug|Any CPU
		{01FF57C9-14BC-47DF-9EBC-7C44F9ACF920}.Release|Any CPU.ActiveCfg = Release|Any CPU
		{01FF57C9-14BC-47DF-9EBC-7C44F9ACF920}.Release|Any CPU.Build.0 = Release|Any CPU
	EndGlobalSection
	GlobalSection(SolutionProperties) = preSolution
		HideSolutionNode = FALSE
	EndGlobalSection
	GlobalSection(NestedProjects) = preSolution
		{01FF57C9-14BC-47DF-9EBC-7C44F9ACF920} = {1BF6C32C-BFC8-43C3-A5D9-99C1D5EC784D}
	EndGlobalSection
EndGlobal
