
Microsoft Visual Studio Solution File, Format Version 12.00
# Visual Studio 15
VisualStudioVersion = 15.0.26430.6
MinimumVisualStudioVersion = 10.0.40219.1
Project("{2150E333-8FDC-42A3-9474-1A3956D46DE8}") = "src", "src", "{630DF3E3-E3CD-47D0-BBE4-31FE88E852AC}"
EndProject
Project("{2150E333-8FDC-42A3-9474-1A3956D46DE8}") = "Solution Items", "Solution Items", "{017CF36C-BAEE-41FE-AC4F-E5555A555406}"
EndProject
Project("{9A19103F-16F7-4668-BE54-9A1E7A4F7556}") = "SampleDBModelMvc", "src\SampleDBModelMvc\SampleDBModelMvc.csproj", "{9E7C7DD1-A578-4D98-83DB-A9482718AD48}"
EndProject
Global
	GlobalSection(SolutionConfigurationPlatforms) = preSolution
		Debug|Any CPU = Debug|Any CPU
		Release|Any CPU = Release|Any CPU
	EndGlobalSection
	GlobalSection(ProjectConfigurationPlatforms) = postSolution
		{9E7C7DD1-A578-4D98-83DB-A9482718AD48}.Debug|Any CPU.ActiveCfg = Debug|Any CPU
		{9E7C7DD1-A578-4D98-83DB-A9482718AD48}.Debug|Any CPU.Build.0 = Debug|Any CPU
		{9E7C7DD1-A578-4D98-83DB-A9482718AD48}.Release|Any CPU.ActiveCfg = Release|Any CPU
		{9E7C7DD1-A578-4D98-83DB-A9482718AD48}.Release|Any CPU.Build.0 = Release|Any CPU
	EndGlobalSection
	GlobalSection(SolutionProperties) = preSolution
		HideSolutionNode = FALSE
	EndGlobalSection
	GlobalSection(NestedProjects) = preSolution
		{9E7C7DD1-A578-4D98-83DB-A9482718AD48} = {630DF3E3-E3CD-47D0-BBE4-31FE88E852AC}
	EndGlobalSection
EndGlobal
