
Microsoft Visual Studio Solution File, Format Version 12.00
# Visual Studio 14
VisualStudioVersion = 14.0.25420.1
MinimumVisualStudioVersion = 10.0.40219.1
Project("{2150E333-8FDC-42A3-9474-1A3956D46DE8}") = "src", "src", "{B8C862EE-2E5D-4487-8852-91DA2B8E574D}"
EndProject
Project("{2150E333-8FDC-42A3-9474-1A3956D46DE8}") = "Solution Items", "Solution Items", "{CB042879-7954-47B7-AD0E-6AC3BAAA110E}"
	ProjectSection(SolutionItems) = preProject
		global.json = global.json
	EndProjectSection
EndProject
Project("{8BB2217D-0F2D-49D1-97BC-3654ED321F3B}") = "SampleWebApi", "src\SampleWebApi\SampleWebApi.xproj", "{76727981-3896-4FFB-87A5-3D3EEA5FECDD}"
EndProject
Project("{FAE04EC0-301F-11D3-BF4B-00C04F79EFBC}") = "ClientJson", "ClientJson\ClientJson.csproj", "{EA9C0F6E-D536-4F05-AA01-43827E0210C4}"
EndProject
Project("{8BB2217D-0F2D-49D1-97BC-3654ED321F3B}") = "SampleWebApiRaw", "src\SampleWebApiRaw\SampleWebApiRaw.xproj", "{F9107813-9068-437F-A298-54FE46815343}"
EndProject
Project("{FAE04EC0-301F-11D3-BF4B-00C04F79EFBC}") = "ClientJson2", "ClientJson2\ClientJson2.csproj", "{B0B27E4D-4ABE-4DCF-BECD-8BEBC293F8BA}"
EndProject
Project("{8BB2217D-0F2D-49D1-97BC-3654ED321F3B}") = "SampleWebApiXml", "src\SampleWebApiXml\SampleWebApiXml.xproj", "{4A12607F-2144-47D8-BECD-94E679D39DC6}"
EndProject
Project("{FAE04EC0-301F-11D3-BF4B-00C04F79EFBC}") = "ClientXml", "ClientXml\ClientXml.csproj", "{AC261F5C-C4D5-477B-8F1D-E97CF67123D1}"
EndProject
Project("{FAE04EC0-301F-11D3-BF4B-00C04F79EFBC}") = "ClientXml2", "ClientXml2\ClientXml2.csproj", "{BDFEB2D6-3F6A-41A7-98AB-6709C017D38F}"
EndProject
Project("{8BB2217D-0F2D-49D1-97BC-3654ED321F3B}") = "ClientWeb", "src\ClientWeb\ClientWeb.xproj", "{D5243419-A488-49B5-84D4-EB17608D9B01}"
EndProject
Project("{FAE04EC0-301F-11D3-BF4B-00C04F79EFBC}") = "ClientWPF", "ClientWPF\ClientWPF.csproj", "{4024D6DF-5CD4-4CB6-8BD5-FE73C6DC485A}"
EndProject
Project("{FAE04EC0-301F-11D3-BF4B-00C04F79EFBC}") = "ClientUWP", "ClientUWP\ClientUWP.csproj", "{549CD9DD-E891-4425-A38D-B745FDED857B}"
EndProject
Project("{FAE04EC0-301F-11D3-BF4B-00C04F79EFBC}") = "ClientWPFXml", "ClientWPFXml\ClientWPFXml.csproj", "{181982F9-D016-4874-B5FC-F72660520D15}"
EndProject
Global
	GlobalSection(SolutionConfigurationPlatforms) = preSolution
		Debug|Any CPU = Debug|Any CPU
		Debug|ARM = Debug|ARM
		Debug|x64 = Debug|x64
		Debug|x86 = Debug|x86
		Release|Any CPU = Release|Any CPU
		Release|ARM = Release|ARM
		Release|x64 = Release|x64
		Release|x86 = Release|x86
	EndGlobalSection
	GlobalSection(ProjectConfigurationPlatforms) = postSolution
		{76727981-3896-4FFB-87A5-3D3EEA5FECDD}.Debug|Any CPU.ActiveCfg = Debug|Any CPU
		{76727981-3896-4FFB-87A5-3D3EEA5FECDD}.Debug|Any CPU.Build.0 = Debug|Any CPU
		{76727981-3896-4FFB-87A5-3D3EEA5FECDD}.Debug|ARM.ActiveCfg = Debug|Any CPU
		{76727981-3896-4FFB-87A5-3D3EEA5FECDD}.Debug|ARM.Build.0 = Debug|Any CPU
		{76727981-3896-4FFB-87A5-3D3EEA5FECDD}.Debug|x64.ActiveCfg = Debug|Any CPU
		{76727981-3896-4FFB-87A5-3D3EEA5FECDD}.Debug|x64.Build.0 = Debug|Any CPU
		{76727981-3896-4FFB-87A5-3D3EEA5FECDD}.Debug|x86.ActiveCfg = Debug|Any CPU
		{76727981-3896-4FFB-87A5-3D3EEA5FECDD}.Debug|x86.Build.0 = Debug|Any CPU
		{76727981-3896-4FFB-87A5-3D3EEA5FECDD}.Release|Any CPU.ActiveCfg = Release|Any CPU
		{76727981-3896-4FFB-87A5-3D3EEA5FECDD}.Release|Any CPU.Build.0 = Release|Any CPU
		{76727981-3896-4FFB-87A5-3D3EEA5FECDD}.Release|ARM.ActiveCfg = Release|Any CPU
		{76727981-3896-4FFB-87A5-3D3EEA5FECDD}.Release|ARM.Build.0 = Release|Any CPU
		{76727981-3896-4FFB-87A5-3D3EEA5FECDD}.Release|x64.ActiveCfg = Release|Any CPU
		{76727981-3896-4FFB-87A5-3D3EEA5FECDD}.Release|x64.Build.0 = Release|Any CPU
		{76727981-3896-4FFB-87A5-3D3EEA5FECDD}.Release|x86.ActiveCfg = Release|Any CPU
		{76727981-3896-4FFB-87A5-3D3EEA5FECDD}.Release|x86.Build.0 = Release|Any CPU
		{EA9C0F6E-D536-4F05-AA01-43827E0210C4}.Debug|Any CPU.ActiveCfg = Debug|Any CPU
		{EA9C0F6E-D536-4F05-AA01-43827E0210C4}.Debug|Any CPU.Build.0 = Debug|Any CPU
		{EA9C0F6E-D536-4F05-AA01-43827E0210C4}.Debug|ARM.ActiveCfg = Debug|Any CPU
		{EA9C0F6E-D536-4F05-AA01-43827E0210C4}.Debug|ARM.Build.0 = Debug|Any CPU
		{EA9C0F6E-D536-4F05-AA01-43827E0210C4}.Debug|x64.ActiveCfg = Debug|Any CPU
		{EA9C0F6E-D536-4F05-AA01-43827E0210C4}.Debug|x64.Build.0 = Debug|Any CPU
		{EA9C0F6E-D536-4F05-AA01-43827E0210C4}.Debug|x86.ActiveCfg = Debug|Any CPU
		{EA9C0F6E-D536-4F05-AA01-43827E0210C4}.Debug|x86.Build.0 = Debug|Any CPU
		{EA9C0F6E-D536-4F05-AA01-43827E0210C4}.Release|Any CPU.ActiveCfg = Release|Any CPU
		{EA9C0F6E-D536-4F05-AA01-43827E0210C4}.Release|Any CPU.Build.0 = Release|Any CPU
		{EA9C0F6E-D536-4F05-AA01-43827E0210C4}.Release|ARM.ActiveCfg = Release|Any CPU
		{EA9C0F6E-D536-4F05-AA01-43827E0210C4}.Release|ARM.Build.0 = Release|Any CPU
		{EA9C0F6E-D536-4F05-AA01-43827E0210C4}.Release|x64.ActiveCfg = Release|Any CPU
		{EA9C0F6E-D536-4F05-AA01-43827E0210C4}.Release|x64.Build.0 = Release|Any CPU
		{EA9C0F6E-D536-4F05-AA01-43827E0210C4}.Release|x86.ActiveCfg = Release|Any CPU
		{EA9C0F6E-D536-4F05-AA01-43827E0210C4}.Release|x86.Build.0 = Release|Any CPU
		{F9107813-9068-437F-A298-54FE46815343}.Debug|Any CPU.ActiveCfg = Debug|Any CPU
		{F9107813-9068-437F-A298-54FE46815343}.Debug|Any CPU.Build.0 = Debug|Any CPU
		{F9107813-9068-437F-A298-54FE46815343}.Debug|ARM.ActiveCfg = Debug|Any CPU
		{F9107813-9068-437F-A298-54FE46815343}.Debug|ARM.Build.0 = Debug|Any CPU
		{F9107813-9068-437F-A298-54FE46815343}.Debug|x64.ActiveCfg = Debug|Any CPU
		{F9107813-9068-437F-A298-54FE46815343}.Debug|x64.Build.0 = Debug|Any CPU
		{F9107813-9068-437F-A298-54FE46815343}.Debug|x86.ActiveCfg = Debug|Any CPU
		{F9107813-9068-437F-A298-54FE46815343}.Debug|x86.Build.0 = Debug|Any CPU
		{F9107813-9068-437F-A298-54FE46815343}.Release|Any CPU.ActiveCfg = Release|Any CPU
		{F9107813-9068-437F-A298-54FE46815343}.Release|Any CPU.Build.0 = Release|Any CPU
		{F9107813-9068-437F-A298-54FE46815343}.Release|ARM.ActiveCfg = Release|Any CPU
		{F9107813-9068-437F-A298-54FE46815343}.Release|ARM.Build.0 = Release|Any CPU
		{F9107813-9068-437F-A298-54FE46815343}.Release|x64.ActiveCfg = Release|Any CPU
		{F9107813-9068-437F-A298-54FE46815343}.Release|x64.Build.0 = Release|Any CPU
		{F9107813-9068-437F-A298-54FE46815343}.Release|x86.ActiveCfg = Release|Any CPU
		{F9107813-9068-437F-A298-54FE46815343}.Release|x86.Build.0 = Release|Any CPU
		{B0B27E4D-4ABE-4DCF-BECD-8BEBC293F8BA}.Debug|Any CPU.ActiveCfg = Debug|Any CPU
		{B0B27E4D-4ABE-4DCF-BECD-8BEBC293F8BA}.Debug|Any CPU.Build.0 = Debug|Any CPU
		{B0B27E4D-4ABE-4DCF-BECD-8BEBC293F8BA}.Debug|ARM.ActiveCfg = Debug|Any CPU
		{B0B27E4D-4ABE-4DCF-BECD-8BEBC293F8BA}.Debug|ARM.Build.0 = Debug|Any CPU
		{B0B27E4D-4ABE-4DCF-BECD-8BEBC293F8BA}.Debug|x64.ActiveCfg = Debug|Any CPU
		{B0B27E4D-4ABE-4DCF-BECD-8BEBC293F8BA}.Debug|x64.Build.0 = Debug|Any CPU
		{B0B27E4D-4ABE-4DCF-BECD-8BEBC293F8BA}.Debug|x86.ActiveCfg = Debug|Any CPU
		{B0B27E4D-4ABE-4DCF-BECD-8BEBC293F8BA}.Debug|x86.Build.0 = Debug|Any CPU
		{B0B27E4D-4ABE-4DCF-BECD-8BEBC293F8BA}.Release|Any CPU.ActiveCfg = Release|Any CPU
		{B0B27E4D-4ABE-4DCF-BECD-8BEBC293F8BA}.Release|Any CPU.Build.0 = Release|Any CPU
		{B0B27E4D-4ABE-4DCF-BECD-8BEBC293F8BA}.Release|ARM.ActiveCfg = Release|Any CPU
		{B0B27E4D-4ABE-4DCF-BECD-8BEBC293F8BA}.Release|ARM.Build.0 = Release|Any CPU
		{B0B27E4D-4ABE-4DCF-BECD-8BEBC293F8BA}.Release|x64.ActiveCfg = Release|Any CPU
		{B0B27E4D-4ABE-4DCF-BECD-8BEBC293F8BA}.Release|x64.Build.0 = Release|Any CPU
		{B0B27E4D-4ABE-4DCF-BECD-8BEBC293F8BA}.Release|x86.ActiveCfg = Release|Any CPU
		{B0B27E4D-4ABE-4DCF-BECD-8BEBC293F8BA}.Release|x86.Build.0 = Release|Any CPU
		{4A12607F-2144-47D8-BECD-94E679D39DC6}.Debug|Any CPU.ActiveCfg = Debug|Any CPU
		{4A12607F-2144-47D8-BECD-94E679D39DC6}.Debug|Any CPU.Build.0 = Debug|Any CPU
		{4A12607F-2144-47D8-BECD-94E679D39DC6}.Debug|ARM.ActiveCfg = Debug|Any CPU
		{4A12607F-2144-47D8-BECD-94E679D39DC6}.Debug|ARM.Build.0 = Debug|Any CPU
		{4A12607F-2144-47D8-BECD-94E679D39DC6}.Debug|x64.ActiveCfg = Debug|Any CPU
		{4A12607F-2144-47D8-BECD-94E679D39DC6}.Debug|x64.Build.0 = Debug|Any CPU
		{4A12607F-2144-47D8-BECD-94E679D39DC6}.Debug|x86.ActiveCfg = Debug|Any CPU
		{4A12607F-2144-47D8-BECD-94E679D39DC6}.Debug|x86.Build.0 = Debug|Any CPU
		{4A12607F-2144-47D8-BECD-94E679D39DC6}.Release|Any CPU.ActiveCfg = Release|Any CPU
		{4A12607F-2144-47D8-BECD-94E679D39DC6}.Release|Any CPU.Build.0 = Release|Any CPU
		{4A12607F-2144-47D8-BECD-94E679D39DC6}.Release|ARM.ActiveCfg = Release|Any CPU
		{4A12607F-2144-47D8-BECD-94E679D39DC6}.Release|ARM.Build.0 = Release|Any CPU
		{4A12607F-2144-47D8-BECD-94E679D39DC6}.Release|x64.ActiveCfg = Release|Any CPU
		{4A12607F-2144-47D8-BECD-94E679D39DC6}.Release|x64.Build.0 = Release|Any CPU
		{4A12607F-2144-47D8-BECD-94E679D39DC6}.Release|x86.ActiveCfg = Release|Any CPU
		{4A12607F-2144-47D8-BECD-94E679D39DC6}.Release|x86.Build.0 = Release|Any CPU
		{AC261F5C-C4D5-477B-8F1D-E97CF67123D1}.Debug|Any CPU.ActiveCfg = Debug|Any CPU
		{AC261F5C-C4D5-477B-8F1D-E97CF67123D1}.Debug|Any CPU.Build.0 = Debug|Any CPU
		{AC261F5C-C4D5-477B-8F1D-E97CF67123D1}.Debug|ARM.ActiveCfg = Debug|Any CPU
		{AC261F5C-C4D5-477B-8F1D-E97CF67123D1}.Debug|ARM.Build.0 = Debug|Any CPU
		{AC261F5C-C4D5-477B-8F1D-E97CF67123D1}.Debug|x64.ActiveCfg = Debug|Any CPU
		{AC261F5C-C4D5-477B-8F1D-E97CF67123D1}.Debug|x64.Build.0 = Debug|Any CPU
		{AC261F5C-C4D5-477B-8F1D-E97CF67123D1}.Debug|x86.ActiveCfg = Debug|Any CPU
		{AC261F5C-C4D5-477B-8F1D-E97CF67123D1}.Debug|x86.Build.0 = Debug|Any CPU
		{AC261F5C-C4D5-477B-8F1D-E97CF67123D1}.Release|Any CPU.ActiveCfg = Release|Any CPU
		{AC261F5C-C4D5-477B-8F1D-E97CF67123D1}.Release|Any CPU.Build.0 = Release|Any CPU
		{AC261F5C-C4D5-477B-8F1D-E97CF67123D1}.Release|ARM.ActiveCfg = Release|Any CPU
		{AC261F5C-C4D5-477B-8F1D-E97CF67123D1}.Release|ARM.Build.0 = Release|Any CPU
		{AC261F5C-C4D5-477B-8F1D-E97CF67123D1}.Release|x64.ActiveCfg = Release|Any CPU
		{AC261F5C-C4D5-477B-8F1D-E97CF67123D1}.Release|x64.Build.0 = Release|Any CPU
		{AC261F5C-C4D5-477B-8F1D-E97CF67123D1}.Release|x86.ActiveCfg = Release|Any CPU
		{AC261F5C-C4D5-477B-8F1D-E97CF67123D1}.Release|x86.Build.0 = Release|Any CPU
		{BDFEB2D6-3F6A-41A7-98AB-6709C017D38F}.Debug|Any CPU.ActiveCfg = Debug|Any CPU
		{BDFEB2D6-3F6A-41A7-98AB-6709C017D38F}.Debug|Any CPU.Build.0 = Debug|Any CPU
		{BDFEB2D6-3F6A-41A7-98AB-6709C017D38F}.Debug|ARM.ActiveCfg = Debug|Any CPU
		{BDFEB2D6-3F6A-41A7-98AB-6709C017D38F}.Debug|ARM.Build.0 = Debug|Any CPU
		{BDFEB2D6-3F6A-41A7-98AB-6709C017D38F}.Debug|x64.ActiveCfg = Debug|Any CPU
		{BDFEB2D6-3F6A-41A7-98AB-6709C017D38F}.Debug|x64.Build.0 = Debug|Any CPU
		{BDFEB2D6-3F6A-41A7-98AB-6709C017D38F}.Debug|x86.ActiveCfg = Debug|Any CPU
		{BDFEB2D6-3F6A-41A7-98AB-6709C017D38F}.Debug|x86.Build.0 = Debug|Any CPU
		{BDFEB2D6-3F6A-41A7-98AB-6709C017D38F}.Release|Any CPU.ActiveCfg = Release|Any CPU
		{BDFEB2D6-3F6A-41A7-98AB-6709C017D38F}.Release|Any CPU.Build.0 = Release|Any CPU
		{BDFEB2D6-3F6A-41A7-98AB-6709C017D38F}.Release|ARM.ActiveCfg = Release|Any CPU
		{BDFEB2D6-3F6A-41A7-98AB-6709C017D38F}.Release|ARM.Build.0 = Release|Any CPU
		{BDFEB2D6-3F6A-41A7-98AB-6709C017D38F}.Release|x64.ActiveCfg = Release|Any CPU
		{BDFEB2D6-3F6A-41A7-98AB-6709C017D38F}.Release|x64.Build.0 = Release|Any CPU
		{BDFEB2D6-3F6A-41A7-98AB-6709C017D38F}.Release|x86.ActiveCfg = Release|Any CPU
		{BDFEB2D6-3F6A-41A7-98AB-6709C017D38F}.Release|x86.Build.0 = Release|Any CPU
		{D5243419-A488-49B5-84D4-EB17608D9B01}.Debug|Any CPU.ActiveCfg = Debug|Any CPU
		{D5243419-A488-49B5-84D4-EB17608D9B01}.Debug|Any CPU.Build.0 = Debug|Any CPU
		{D5243419-A488-49B5-84D4-EB17608D9B01}.Debug|ARM.ActiveCfg = Debug|Any CPU
		{D5243419-A488-49B5-84D4-EB17608D9B01}.Debug|ARM.Build.0 = Debug|Any CPU
		{D5243419-A488-49B5-84D4-EB17608D9B01}.Debug|x64.ActiveCfg = Debug|Any CPU
		{D5243419-A488-49B5-84D4-EB17608D9B01}.Debug|x64.Build.0 = Debug|Any CPU
		{D5243419-A488-49B5-84D4-EB17608D9B01}.Debug|x86.ActiveCfg = Debug|Any CPU
		{D5243419-A488-49B5-84D4-EB17608D9B01}.Debug|x86.Build.0 = Debug|Any CPU
		{D5243419-A488-49B5-84D4-EB17608D9B01}.Release|Any CPU.ActiveCfg = Release|Any CPU
		{D5243419-A488-49B5-84D4-EB17608D9B01}.Release|Any CPU.Build.0 = Release|Any CPU
		{D5243419-A488-49B5-84D4-EB17608D9B01}.Release|ARM.ActiveCfg = Release|Any CPU
		{D5243419-A488-49B5-84D4-EB17608D9B01}.Release|ARM.Build.0 = Release|Any CPU
		{D5243419-A488-49B5-84D4-EB17608D9B01}.Release|x64.ActiveCfg = Release|Any CPU
		{D5243419-A488-49B5-84D4-EB17608D9B01}.Release|x64.Build.0 = Release|Any CPU
		{D5243419-A488-49B5-84D4-EB17608D9B01}.Release|x86.ActiveCfg = Release|Any CPU
		{D5243419-A488-49B5-84D4-EB17608D9B01}.Release|x86.Build.0 = Release|Any CPU
		{4024D6DF-5CD4-4CB6-8BD5-FE73C6DC485A}.Debug|Any CPU.ActiveCfg = Debug|Any CPU
		{4024D6DF-5CD4-4CB6-8BD5-FE73C6DC485A}.Debug|Any CPU.Build.0 = Debug|Any CPU
		{4024D6DF-5CD4-4CB6-8BD5-FE73C6DC485A}.Debug|ARM.ActiveCfg = Debug|Any CPU
		{4024D6DF-5CD4-4CB6-8BD5-FE73C6DC485A}.Debug|ARM.Build.0 = Debug|Any CPU
		{4024D6DF-5CD4-4CB6-8BD5-FE73C6DC485A}.Debug|x64.ActiveCfg = Debug|Any CPU
		{4024D6DF-5CD4-4CB6-8BD5-FE73C6DC485A}.Debug|x64.Build.0 = Debug|Any CPU
		{4024D6DF-5CD4-4CB6-8BD5-FE73C6DC485A}.Debug|x86.ActiveCfg = Debug|Any CPU
		{4024D6DF-5CD4-4CB6-8BD5-FE73C6DC485A}.Debug|x86.Build.0 = Debug|Any CPU
		{4024D6DF-5CD4-4CB6-8BD5-FE73C6DC485A}.Release|Any CPU.ActiveCfg = Release|Any CPU
		{4024D6DF-5CD4-4CB6-8BD5-FE73C6DC485A}.Release|Any CPU.Build.0 = Release|Any CPU
		{4024D6DF-5CD4-4CB6-8BD5-FE73C6DC485A}.Release|ARM.ActiveCfg = Release|Any CPU
		{4024D6DF-5CD4-4CB6-8BD5-FE73C6DC485A}.Release|ARM.Build.0 = Release|Any CPU
		{4024D6DF-5CD4-4CB6-8BD5-FE73C6DC485A}.Release|x64.ActiveCfg = Release|Any CPU
		{4024D6DF-5CD4-4CB6-8BD5-FE73C6DC485A}.Release|x64.Build.0 = Release|Any CPU
		{4024D6DF-5CD4-4CB6-8BD5-FE73C6DC485A}.Release|x86.ActiveCfg = Release|Any CPU
		{4024D6DF-5CD4-4CB6-8BD5-FE73C6DC485A}.Release|x86.Build.0 = Release|Any CPU
		{549CD9DD-E891-4425-A38D-B745FDED857B}.Debug|Any CPU.ActiveCfg = Debug|x86
		{549CD9DD-E891-4425-A38D-B745FDED857B}.Debug|Any CPU.Build.0 = Debug|x86
		{549CD9DD-E891-4425-A38D-B745FDED857B}.Debug|Any CPU.Deploy.0 = Debug|x86
		{549CD9DD-E891-4425-A38D-B745FDED857B}.Debug|ARM.ActiveCfg = Debug|ARM
		{549CD9DD-E891-4425-A38D-B745FDED857B}.Debug|ARM.Build.0 = Debug|ARM
		{549CD9DD-E891-4425-A38D-B745FDED857B}.Debug|ARM.Deploy.0 = Debug|ARM
		{549CD9DD-E891-4425-A38D-B745FDED857B}.Debug|x64.ActiveCfg = Debug|x64
		{549CD9DD-E891-4425-A38D-B745FDED857B}.Debug|x64.Build.0 = Debug|x64
		{549CD9DD-E891-4425-A38D-B745FDED857B}.Debug|x64.Deploy.0 = Debug|x64
		{549CD9DD-E891-4425-A38D-B745FDED857B}.Debug|x86.ActiveCfg = Debug|x86
		{549CD9DD-E891-4425-A38D-B745FDED857B}.Debug|x86.Build.0 = Debug|x86
		{549CD9DD-E891-4425-A38D-B745FDED857B}.Debug|x86.Deploy.0 = Debug|x86
		{549CD9DD-E891-4425-A38D-B745FDED857B}.Release|Any CPU.ActiveCfg = Release|x86
		{549CD9DD-E891-4425-A38D-B745FDED857B}.Release|ARM.ActiveCfg = Release|ARM
		{549CD9DD-E891-4425-A38D-B745FDED857B}.Release|ARM.Build.0 = Release|ARM
		{549CD9DD-E891-4425-A38D-B745FDED857B}.Release|ARM.Deploy.0 = Release|ARM
		{549CD9DD-E891-4425-A38D-B745FDED857B}.Release|x64.ActiveCfg = Release|x64
		{549CD9DD-E891-4425-A38D-B745FDED857B}.Release|x64.Build.0 = Release|x64
		{549CD9DD-E891-4425-A38D-B745FDED857B}.Release|x64.Deploy.0 = Release|x64
		{549CD9DD-E891-4425-A38D-B745FDED857B}.Release|x86.ActiveCfg = Release|x86
		{549CD9DD-E891-4425-A38D-B745FDED857B}.Release|x86.Build.0 = Release|x86
		{549CD9DD-E891-4425-A38D-B745FDED857B}.Release|x86.Deploy.0 = Release|x86
		{181982F9-D016-4874-B5FC-F72660520D15}.Debug|Any CPU.ActiveCfg = Debug|Any CPU
		{181982F9-D016-4874-B5FC-F72660520D15}.Debug|Any CPU.Build.0 = Debug|Any CPU
		{181982F9-D016-4874-B5FC-F72660520D15}.Debug|ARM.ActiveCfg = Debug|Any CPU
		{181982F9-D016-4874-B5FC-F72660520D15}.Debug|ARM.Build.0 = Debug|Any CPU
		{181982F9-D016-4874-B5FC-F72660520D15}.Debug|x64.ActiveCfg = Debug|Any CPU
		{181982F9-D016-4874-B5FC-F72660520D15}.Debug|x64.Build.0 = Debug|Any CPU
		{181982F9-D016-4874-B5FC-F72660520D15}.Debug|x86.ActiveCfg = Debug|Any CPU
		{181982F9-D016-4874-B5FC-F72660520D15}.Debug|x86.Build.0 = Debug|Any CPU
		{181982F9-D016-4874-B5FC-F72660520D15}.Release|Any CPU.ActiveCfg = Release|Any CPU
		{181982F9-D016-4874-B5FC-F72660520D15}.Release|Any CPU.Build.0 = Release|Any CPU
		{181982F9-D016-4874-B5FC-F72660520D15}.Release|ARM.ActiveCfg = Release|Any CPU
		{181982F9-D016-4874-B5FC-F72660520D15}.Release|ARM.Build.0 = Release|Any CPU
		{181982F9-D016-4874-B5FC-F72660520D15}.Release|x64.ActiveCfg = Release|Any CPU
		{181982F9-D016-4874-B5FC-F72660520D15}.Release|x64.Build.0 = Release|Any CPU
		{181982F9-D016-4874-B5FC-F72660520D15}.Release|x86.ActiveCfg = Release|Any CPU
		{181982F9-D016-4874-B5FC-F72660520D15}.Release|x86.Build.0 = Release|Any CPU
	EndGlobalSection
	GlobalSection(SolutionProperties) = preSolution
		HideSolutionNode = FALSE
	EndGlobalSection
	GlobalSection(NestedProjects) = preSolution
		{76727981-3896-4FFB-87A5-3D3EEA5FECDD} = {B8C862EE-2E5D-4487-8852-91DA2B8E574D}
		{EA9C0F6E-D536-4F05-AA01-43827E0210C4} = {B8C862EE-2E5D-4487-8852-91DA2B8E574D}
		{F9107813-9068-437F-A298-54FE46815343} = {B8C862EE-2E5D-4487-8852-91DA2B8E574D}
		{B0B27E4D-4ABE-4DCF-BECD-8BEBC293F8BA} = {B8C862EE-2E5D-4487-8852-91DA2B8E574D}
		{4A12607F-2144-47D8-BECD-94E679D39DC6} = {B8C862EE-2E5D-4487-8852-91DA2B8E574D}
		{AC261F5C-C4D5-477B-8F1D-E97CF67123D1} = {B8C862EE-2E5D-4487-8852-91DA2B8E574D}
		{BDFEB2D6-3F6A-41A7-98AB-6709C017D38F} = {B8C862EE-2E5D-4487-8852-91DA2B8E574D}
		{D5243419-A488-49B5-84D4-EB17608D9B01} = {B8C862EE-2E5D-4487-8852-91DA2B8E574D}
		{4024D6DF-5CD4-4CB6-8BD5-FE73C6DC485A} = {B8C862EE-2E5D-4487-8852-91DA2B8E574D}
		{549CD9DD-E891-4425-A38D-B745FDED857B} = {B8C862EE-2E5D-4487-8852-91DA2B8E574D}
		{181982F9-D016-4874-B5FC-F72660520D15} = {B8C862EE-2E5D-4487-8852-91DA2B8E574D}
	EndGlobalSection
EndGlobal
